
Microsoft Visual Studio Solution File, Format Version 12.00
# Visual Studio Version 17
VisualStudioVersion = 17.4.33213.308
MinimumVisualStudioVersion = 10.0.40219.1
Project("{FAE04EC0-301F-11D3-BF4B-00C04F79EFBC}") = "DoWhile.1308723", "DoWhile.1308723\DoWhile.1308723.csproj", "{FD66D7FE-5C32-4444-9995-5AFFCF54D9E0}"
EndProject
Global
	GlobalSection(SolutionConfigurationPlatforms) = preSolution
		Debug|Any CPU = Debug|Any CPU
		Release|Any CPU = Release|Any CPU
	EndGlobalSection
	GlobalSection(ProjectConfigurationPlatforms) = postSolution
		{FD66D7FE-5C32-4444-9995-5AFFCF54D9E0}.Debug|Any CPU.ActiveCfg = Debug|Any CPU
		{FD66D7FE-5C32-4444-9995-5AFFCF54D9E0}.Debug|Any CPU.Build.0 = Debug|Any CPU
		{FD66D7FE-5C32-4444-9995-5AFFCF54D9E0}.Release|Any CPU.ActiveCfg = Release|Any CPU
		{FD66D7FE-5C32-4444-9995-5AFFCF54D9E0}.Release|Any CPU.Build.0 = Release|Any CPU
	EndGlobalSection
	GlobalSection(SolutionProperties) = preSolution
		HideSolutionNode = FALSE
	EndGlobalSection
	GlobalSection(ExtensibilityGlobals) = postSolution
		SolutionGuid = {1B777A3F-27FF-4B9D-B3E0-DF5C913F2777}
	EndGlobalSection
EndGlobal
